
Microsoft Visual Studio Solution File, Format Version 12.00
# Visual Studio Version 17
VisualStudioVersion = 17.3.32929.385
MinimumVisualStudioVersion = 10.0.40219.1
Project("{FAE04EC0-301F-11D3-BF4B-00C04F79EFBC}") = "A little house", "A little house\A little house.csproj", "{DE429C36-0D60-4A95-89B1-9CD1E9081D08}"
EndProject
Global
	GlobalSection(SolutionConfigurationPlatforms) = preSolution
		Debug|Any CPU = Debug|Any CPU
		Release|Any CPU = Release|Any CPU
	EndGlobalSection
	GlobalSection(ProjectConfigurationPlatforms) = postSolution
		{DE429C36-0D60-4A95-89B1-9CD1E9081D08}.Debug|Any CPU.ActiveCfg = Debug|Any CPU
		{DE429C36-0D60-4A95-89B1-9CD1E9081D08}.Debug|Any CPU.Build.0 = Debug|Any CPU
		{DE429C36-0D60-4A95-89B1-9CD1E9081D08}.Release|Any CPU.ActiveCfg = Release|Any CPU
		{DE429C36-0D60-4A95-89B1-9CD1E9081D08}.Release|Any CPU.Build.0 = Release|Any CPU
	EndGlobalSection
	GlobalSection(SolutionProperties) = preSolution
		HideSolutionNode = FALSE
	EndGlobalSection
	GlobalSection(ExtensibilityGlobals) = postSolution
		SolutionGuid = {8A10C258-AC76-4E79-A79F-7359FCC82221}
	EndGlobalSection
EndGlobal
