
Microsoft Visual Studio Solution File, Format Version 12.00
# Visual Studio Version 17
VisualStudioVersion = 17.3.32929.385
MinimumVisualStudioVersion = 10.0.40219.1
Project("{FAE04EC0-301F-11D3-BF4B-00C04F79EFBC}") = "Array - Example", "Array - Example.csproj", "{BB5DA935-E1D5-4DD3-9001-5D612487C257}"
EndProject
Global
	GlobalSection(SolutionConfigurationPlatforms) = preSolution
		Debug|Any CPU = Debug|Any CPU
		Release|Any CPU = Release|Any CPU
	EndGlobalSection
	GlobalSection(ProjectConfigurationPlatforms) = postSolution
		{BB5DA935-E1D5-4DD3-9001-5D612487C257}.Debug|Any CPU.ActiveCfg = Debug|Any CPU
		{BB5DA935-E1D5-4DD3-9001-5D612487C257}.Debug|Any CPU.Build.0 = Debug|Any CPU
		{BB5DA935-E1D5-4DD3-9001-5D612487C257}.Release|Any CPU.ActiveCfg = Release|Any CPU
		{BB5DA935-E1D5-4DD3-9001-5D612487C257}.Release|Any CPU.Build.0 = Release|Any CPU
	EndGlobalSection
	GlobalSection(SolutionProperties) = preSolution
		HideSolutionNode = FALSE
	EndGlobalSection
	GlobalSection(ExtensibilityGlobals) = postSolution
		SolutionGuid = {4879797F-5E89-40C7-A83F-BD2E786A7C9F}
	EndGlobalSection
EndGlobal
