
Microsoft Visual Studio Solution File, Format Version 12.00
# Visual Studio Version 17
VisualStudioVersion = 17.3.32929.385
MinimumVisualStudioVersion = 10.0.40219.1
Project("{FAE04EC0-301F-11D3-BF4B-00C04F79EFBC}") = "Greatest Common Divisor", "Greatest Common Divisor\Greatest Common Divisor.csproj", "{1E19F7A9-7893-4462-9AE6-A43B35C6EC04}"
EndProject
Global
	GlobalSection(SolutionConfigurationPlatforms) = preSolution
		Debug|Any CPU = Debug|Any CPU
		Release|Any CPU = Release|Any CPU
	EndGlobalSection
	GlobalSection(ProjectConfigurationPlatforms) = postSolution
		{1E19F7A9-7893-4462-9AE6-A43B35C6EC04}.Debug|Any CPU.ActiveCfg = Debug|Any CPU
		{1E19F7A9-7893-4462-9AE6-A43B35C6EC04}.Debug|Any CPU.Build.0 = Debug|Any CPU
		{1E19F7A9-7893-4462-9AE6-A43B35C6EC04}.Release|Any CPU.ActiveCfg = Release|Any CPU
		{1E19F7A9-7893-4462-9AE6-A43B35C6EC04}.Release|Any CPU.Build.0 = Release|Any CPU
	EndGlobalSection
	GlobalSection(SolutionProperties) = preSolution
		HideSolutionNode = FALSE
	EndGlobalSection
	GlobalSection(ExtensibilityGlobals) = postSolution
		SolutionGuid = {93985DAD-BD12-431B-8445-FC62F2D08FD5}
	EndGlobalSection
EndGlobal
