
Microsoft Visual Studio Solution File, Format Version 12.00
# Visual Studio Version 17
VisualStudioVersion = 17.3.32929.385
MinimumVisualStudioVersion = 10.0.40219.1
Project("{FAE04EC0-301F-11D3-BF4B-00C04F79EFBC}") = "inputData", "inputData.csproj", "{989EF3F6-F989-43D3-9972-F483E56EA11C}"
EndProject
Global
	GlobalSection(SolutionConfigurationPlatforms) = preSolution
		Debug|Any CPU = Debug|Any CPU
		Release|Any CPU = Release|Any CPU
	EndGlobalSection
	GlobalSection(ProjectConfigurationPlatforms) = postSolution
		{989EF3F6-F989-43D3-9972-F483E56EA11C}.Debug|Any CPU.ActiveCfg = Debug|Any CPU
		{989EF3F6-F989-43D3-9972-F483E56EA11C}.Debug|Any CPU.Build.0 = Debug|Any CPU
		{989EF3F6-F989-43D3-9972-F483E56EA11C}.Release|Any CPU.ActiveCfg = Release|Any CPU
		{989EF3F6-F989-43D3-9972-F483E56EA11C}.Release|Any CPU.Build.0 = Release|Any CPU
	EndGlobalSection
	GlobalSection(SolutionProperties) = preSolution
		HideSolutionNode = FALSE
	EndGlobalSection
	GlobalSection(ExtensibilityGlobals) = postSolution
		SolutionGuid = {8C48E87B-D33E-4794-B649-16701C60AE59}
	EndGlobalSection
EndGlobal
