
Microsoft Visual Studio Solution File, Format Version 12.00
# Visual Studio Version 17
VisualStudioVersion = 17.3.32929.385
MinimumVisualStudioVersion = 10.0.40219.1
Project("{FAE04EC0-301F-11D3-BF4B-00C04F79EFBC}") = "Method", "Method.csproj", "{F91853D6-9FFC-4C54-98F5-82FA02FE12AA}"
EndProject
Global
	GlobalSection(SolutionConfigurationPlatforms) = preSolution
		Debug|Any CPU = Debug|Any CPU
		Release|Any CPU = Release|Any CPU
	EndGlobalSection
	GlobalSection(ProjectConfigurationPlatforms) = postSolution
		{F91853D6-9FFC-4C54-98F5-82FA02FE12AA}.Debug|Any CPU.ActiveCfg = Debug|Any CPU
		{F91853D6-9FFC-4C54-98F5-82FA02FE12AA}.Debug|Any CPU.Build.0 = Debug|Any CPU
		{F91853D6-9FFC-4C54-98F5-82FA02FE12AA}.Release|Any CPU.ActiveCfg = Release|Any CPU
		{F91853D6-9FFC-4C54-98F5-82FA02FE12AA}.Release|Any CPU.Build.0 = Release|Any CPU
	EndGlobalSection
	GlobalSection(SolutionProperties) = preSolution
		HideSolutionNode = FALSE
	EndGlobalSection
	GlobalSection(ExtensibilityGlobals) = postSolution
		SolutionGuid = {8AF849A3-DCF8-4A5E-8D0D-69CB4DE93327}
	EndGlobalSection
EndGlobal
