
Microsoft Visual Studio Solution File, Format Version 12.00
# Visual Studio Version 17
VisualStudioVersion = 17.3.32929.385
MinimumVisualStudioVersion = 10.0.40219.1
Project("{FAE04EC0-301F-11D3-BF4B-00C04F79EFBC}") = "Min Number", "Min Number\Min Number.csproj", "{F67BB9DD-9886-48F6-8313-EC7C6B394E74}"
EndProject
Global
	GlobalSection(SolutionConfigurationPlatforms) = preSolution
		Debug|Any CPU = Debug|Any CPU
		Release|Any CPU = Release|Any CPU
	EndGlobalSection
	GlobalSection(ProjectConfigurationPlatforms) = postSolution
		{F67BB9DD-9886-48F6-8313-EC7C6B394E74}.Debug|Any CPU.ActiveCfg = Debug|Any CPU
		{F67BB9DD-9886-48F6-8313-EC7C6B394E74}.Debug|Any CPU.Build.0 = Debug|Any CPU
		{F67BB9DD-9886-48F6-8313-EC7C6B394E74}.Release|Any CPU.ActiveCfg = Release|Any CPU
		{F67BB9DD-9886-48F6-8313-EC7C6B394E74}.Release|Any CPU.Build.0 = Release|Any CPU
	EndGlobalSection
	GlobalSection(SolutionProperties) = preSolution
		HideSolutionNode = FALSE
	EndGlobalSection
	GlobalSection(ExtensibilityGlobals) = postSolution
		SolutionGuid = {49056A52-7DF7-4A77-B1EB-0335418E5172}
	EndGlobalSection
EndGlobal
