
Microsoft Visual Studio Solution File, Format Version 12.00
# Visual Studio Version 17
VisualStudioVersion = 17.3.32929.385
MinimumVisualStudioVersion = 10.0.40219.1
Project("{FAE04EC0-301F-11D3-BF4B-00C04F79EFBC}") = "Pozdaravi", "Pozdaravi\Pozdaravi.csproj", "{E0067F80-F6A6-4C52-82BA-3C2CB247C67B}"
EndProject
Global
	GlobalSection(SolutionConfigurationPlatforms) = preSolution
		Debug|Any CPU = Debug|Any CPU
		Release|Any CPU = Release|Any CPU
	EndGlobalSection
	GlobalSection(ProjectConfigurationPlatforms) = postSolution
		{E0067F80-F6A6-4C52-82BA-3C2CB247C67B}.Debug|Any CPU.ActiveCfg = Debug|Any CPU
		{E0067F80-F6A6-4C52-82BA-3C2CB247C67B}.Debug|Any CPU.Build.0 = Debug|Any CPU
		{E0067F80-F6A6-4C52-82BA-3C2CB247C67B}.Release|Any CPU.ActiveCfg = Release|Any CPU
		{E0067F80-F6A6-4C52-82BA-3C2CB247C67B}.Release|Any CPU.Build.0 = Release|Any CPU
	EndGlobalSection
	GlobalSection(SolutionProperties) = preSolution
		HideSolutionNode = FALSE
	EndGlobalSection
	GlobalSection(ExtensibilityGlobals) = postSolution
		SolutionGuid = {B27C23AA-0CEE-469C-B02B-09F2CB1867C1}
	EndGlobalSection
EndGlobal
