
Microsoft Visual Studio Solution File, Format Version 12.00
# Visual Studio Version 17
VisualStudioVersion = 17.3.32929.385
MinimumVisualStudioVersion = 10.0.40219.1
Project("{9A19103F-16F7-4668-BE54-9A1E7A4F7556}") = "ProgramingBasics", "ProgramingBasics\ProgramingBasics.csproj", "{E492BBA6-8E6A-4E3F-BD68-C8D3859139AC}"
EndProject
Project("{9A19103F-16F7-4668-BE54-9A1E7A4F7556}") = "Project 2", "Project 2\Project 2.csproj", "{5C4ACB52-F692-418B-9B82-C4819899A696}"
EndProject
Project("{9A19103F-16F7-4668-BE54-9A1E7A4F7556}") = "Project 3", "Project 3\Project 3.csproj", "{04B12AB9-6382-4B89-B344-5C9491BC88D2}"
EndProject
Project("{FAE04EC0-301F-11D3-BF4B-00C04F79EFBC}") = "Inches to Santimeters", "Inches to Santimeters\Inches to Santimeters.csproj", "{809252AB-B777-467F-90DF-2F500BA13B9A}"
EndProject
Global
	GlobalSection(SolutionConfigurationPlatforms) = preSolution
		Debug|Any CPU = Debug|Any CPU
		Release|Any CPU = Release|Any CPU
	EndGlobalSection
	GlobalSection(ProjectConfigurationPlatforms) = postSolution
		{E492BBA6-8E6A-4E3F-BD68-C8D3859139AC}.Debug|Any CPU.ActiveCfg = Debug|Any CPU
		{E492BBA6-8E6A-4E3F-BD68-C8D3859139AC}.Debug|Any CPU.Build.0 = Debug|Any CPU
		{E492BBA6-8E6A-4E3F-BD68-C8D3859139AC}.Release|Any CPU.ActiveCfg = Release|Any CPU
		{E492BBA6-8E6A-4E3F-BD68-C8D3859139AC}.Release|Any CPU.Build.0 = Release|Any CPU
		{5C4ACB52-F692-418B-9B82-C4819899A696}.Debug|Any CPU.ActiveCfg = Debug|Any CPU
		{5C4ACB52-F692-418B-9B82-C4819899A696}.Debug|Any CPU.Build.0 = Debug|Any CPU
		{5C4ACB52-F692-418B-9B82-C4819899A696}.Release|Any CPU.ActiveCfg = Release|Any CPU
		{5C4ACB52-F692-418B-9B82-C4819899A696}.Release|Any CPU.Build.0 = Release|Any CPU
		{04B12AB9-6382-4B89-B344-5C9491BC88D2}.Debug|Any CPU.ActiveCfg = Debug|Any CPU
		{04B12AB9-6382-4B89-B344-5C9491BC88D2}.Debug|Any CPU.Build.0 = Debug|Any CPU
		{04B12AB9-6382-4B89-B344-5C9491BC88D2}.Release|Any CPU.ActiveCfg = Release|Any CPU
		{04B12AB9-6382-4B89-B344-5C9491BC88D2}.Release|Any CPU.Build.0 = Release|Any CPU
		{809252AB-B777-467F-90DF-2F500BA13B9A}.Debug|Any CPU.ActiveCfg = Debug|Any CPU
		{809252AB-B777-467F-90DF-2F500BA13B9A}.Debug|Any CPU.Build.0 = Debug|Any CPU
		{809252AB-B777-467F-90DF-2F500BA13B9A}.Release|Any CPU.ActiveCfg = Release|Any CPU
		{809252AB-B777-467F-90DF-2F500BA13B9A}.Release|Any CPU.Build.0 = Release|Any CPU
	EndGlobalSection
	GlobalSection(SolutionProperties) = preSolution
		HideSolutionNode = FALSE
	EndGlobalSection
	GlobalSection(ExtensibilityGlobals) = postSolution
		SolutionGuid = {D5071CED-7EF4-4470-9C8A-6F6C3535065B}
	EndGlobalSection
EndGlobal
