
Microsoft Visual Studio Solution File, Format Version 12.00
# Visual Studio Version 17
VisualStudioVersion = 17.3.32929.385
MinimumVisualStudioVersion = 10.0.40219.1
Project("{FAE04EC0-301F-11D3-BF4B-00C04F79EFBC}") = "Defination Number", "Project 9\Defination Number.csproj", "{8D7259C9-08BB-4047-8CA2-4F9463FD94D7}"
EndProject
Global
	GlobalSection(SolutionConfigurationPlatforms) = preSolution
		Debug|Any CPU = Debug|Any CPU
		Release|Any CPU = Release|Any CPU
	EndGlobalSection
	GlobalSection(ProjectConfigurationPlatforms) = postSolution
		{8D7259C9-08BB-4047-8CA2-4F9463FD94D7}.Debug|Any CPU.ActiveCfg = Debug|Any CPU
		{8D7259C9-08BB-4047-8CA2-4F9463FD94D7}.Debug|Any CPU.Build.0 = Debug|Any CPU
		{8D7259C9-08BB-4047-8CA2-4F9463FD94D7}.Release|Any CPU.ActiveCfg = Release|Any CPU
		{8D7259C9-08BB-4047-8CA2-4F9463FD94D7}.Release|Any CPU.Build.0 = Release|Any CPU
	EndGlobalSection
	GlobalSection(SolutionProperties) = preSolution
		HideSolutionNode = FALSE
	EndGlobalSection
	GlobalSection(ExtensibilityGlobals) = postSolution
		SolutionGuid = {0FBE46B2-1BA2-425D-8F62-458C6697C195}
	EndGlobalSection
EndGlobal
