
Microsoft Visual Studio Solution File, Format Version 12.00
# Visual Studio Version 17
VisualStudioVersion = 17.3.32929.385
MinimumVisualStudioVersion = 10.0.40219.1
Project("{FAE04EC0-301F-11D3-BF4B-00C04F79EFBC}") = "Project 11", "Project 11\Project 11.csproj", "{240884BB-6D22-471D-9859-4E62BD10CB68}"
EndProject
Global
	GlobalSection(SolutionConfigurationPlatforms) = preSolution
		Debug|Any CPU = Debug|Any CPU
		Release|Any CPU = Release|Any CPU
	EndGlobalSection
	GlobalSection(ProjectConfigurationPlatforms) = postSolution
		{240884BB-6D22-471D-9859-4E62BD10CB68}.Debug|Any CPU.ActiveCfg = Debug|Any CPU
		{240884BB-6D22-471D-9859-4E62BD10CB68}.Debug|Any CPU.Build.0 = Debug|Any CPU
		{240884BB-6D22-471D-9859-4E62BD10CB68}.Release|Any CPU.ActiveCfg = Release|Any CPU
		{240884BB-6D22-471D-9859-4E62BD10CB68}.Release|Any CPU.Build.0 = Release|Any CPU
	EndGlobalSection
	GlobalSection(SolutionProperties) = preSolution
		HideSolutionNode = FALSE
	EndGlobalSection
	GlobalSection(ExtensibilityGlobals) = postSolution
		SolutionGuid = {FF8A0C74-8216-480B-8DD2-65F49D5EB87C}
	EndGlobalSection
EndGlobal
