
Microsoft Visual Studio Solution File, Format Version 12.00
# Visual Studio Version 17
VisualStudioVersion = 17.3.32929.385
MinimumVisualStudioVersion = 10.0.40219.1
Project("{FAE04EC0-301F-11D3-BF4B-00C04F79EFBC}") = "Rhombus of stars", "Rhombus of stars\Rhombus of stars.csproj", "{BDE4C4CD-79E0-4A7E-9BB3-E8B431F17EBC}"
EndProject
Global
	GlobalSection(SolutionConfigurationPlatforms) = preSolution
		Debug|Any CPU = Debug|Any CPU
		Release|Any CPU = Release|Any CPU
	EndGlobalSection
	GlobalSection(ProjectConfigurationPlatforms) = postSolution
		{BDE4C4CD-79E0-4A7E-9BB3-E8B431F17EBC}.Debug|Any CPU.ActiveCfg = Debug|Any CPU
		{BDE4C4CD-79E0-4A7E-9BB3-E8B431F17EBC}.Debug|Any CPU.Build.0 = Debug|Any CPU
		{BDE4C4CD-79E0-4A7E-9BB3-E8B431F17EBC}.Release|Any CPU.ActiveCfg = Release|Any CPU
		{BDE4C4CD-79E0-4A7E-9BB3-E8B431F17EBC}.Release|Any CPU.Build.0 = Release|Any CPU
	EndGlobalSection
	GlobalSection(SolutionProperties) = preSolution
		HideSolutionNode = FALSE
	EndGlobalSection
	GlobalSection(ExtensibilityGlobals) = postSolution
		SolutionGuid = {648BE1C1-F19C-4124-B64C-DDF4751A1099}
	EndGlobalSection
EndGlobal
