
Microsoft Visual Studio Solution File, Format Version 12.00
# Visual Studio Version 17
VisualStudioVersion = 17.3.32929.385
MinimumVisualStudioVersion = 10.0.40219.1
Project("{FAE04EC0-301F-11D3-BF4B-00C04F79EFBC}") = "SumOfTheOthers", "SumOfTheOthers\SumOfTheOthers.csproj", "{C3C7A886-B70F-40DB-AEFB-E308AC5B7112}"
EndProject
Global
	GlobalSection(SolutionConfigurationPlatforms) = preSolution
		Debug|Any CPU = Debug|Any CPU
		Release|Any CPU = Release|Any CPU
	EndGlobalSection
	GlobalSection(ProjectConfigurationPlatforms) = postSolution
		{C3C7A886-B70F-40DB-AEFB-E308AC5B7112}.Debug|Any CPU.ActiveCfg = Debug|Any CPU
		{C3C7A886-B70F-40DB-AEFB-E308AC5B7112}.Debug|Any CPU.Build.0 = Debug|Any CPU
		{C3C7A886-B70F-40DB-AEFB-E308AC5B7112}.Release|Any CPU.ActiveCfg = Release|Any CPU
		{C3C7A886-B70F-40DB-AEFB-E308AC5B7112}.Release|Any CPU.Build.0 = Release|Any CPU
	EndGlobalSection
	GlobalSection(SolutionProperties) = preSolution
		HideSolutionNode = FALSE
	EndGlobalSection
	GlobalSection(ExtensibilityGlobals) = postSolution
		SolutionGuid = {129B74D6-403E-458A-8EF7-C7B9538CF568}
	EndGlobalSection
EndGlobal
