
Microsoft Visual Studio Solution File, Format Version 12.00
# Visual Studio Version 17
VisualStudioVersion = 17.3.32929.385
MinimumVisualStudioVersion = 10.0.40219.1
Project("{FAE04EC0-301F-11D3-BF4B-00C04F79EFBC}") = "symbols nizo", "symbols nizo.csproj", "{B698DC23-4F67-4141-83BC-863459107010}"
EndProject
Global
	GlobalSection(SolutionConfigurationPlatforms) = preSolution
		Debug|Any CPU = Debug|Any CPU
		Release|Any CPU = Release|Any CPU
	EndGlobalSection
	GlobalSection(ProjectConfigurationPlatforms) = postSolution
		{B698DC23-4F67-4141-83BC-863459107010}.Debug|Any CPU.ActiveCfg = Debug|Any CPU
		{B698DC23-4F67-4141-83BC-863459107010}.Debug|Any CPU.Build.0 = Debug|Any CPU
		{B698DC23-4F67-4141-83BC-863459107010}.Release|Any CPU.ActiveCfg = Release|Any CPU
		{B698DC23-4F67-4141-83BC-863459107010}.Release|Any CPU.Build.0 = Release|Any CPU
	EndGlobalSection
	GlobalSection(SolutionProperties) = preSolution
		HideSolutionNode = FALSE
	EndGlobalSection
	GlobalSection(ExtensibilityGlobals) = postSolution
		SolutionGuid = {4AEB3A91-15AE-46AF-B704-E8FF1CF025F1}
	EndGlobalSection
EndGlobal
