
Microsoft Visual Studio Solution File, Format Version 12.00
# Visual Studio Version 17
VisualStudioVersion = 17.3.32929.385
MinimumVisualStudioVersion = 10.0.40219.1
Project("{FAE04EC0-301F-11D3-BF4B-00C04F79EFBC}") = "The numbers from N to 1 in reverse order", "The numbers from N to 1 in reverse order\The numbers from N to 1 in reverse order.csproj", "{7E8723CA-87DF-44E9-A3CA-8F3DD888AC9F}"
EndProject
Global
	GlobalSection(SolutionConfigurationPlatforms) = preSolution
		Debug|Any CPU = Debug|Any CPU
		Release|Any CPU = Release|Any CPU
	EndGlobalSection
	GlobalSection(ProjectConfigurationPlatforms) = postSolution
		{7E8723CA-87DF-44E9-A3CA-8F3DD888AC9F}.Debug|Any CPU.ActiveCfg = Debug|Any CPU
		{7E8723CA-87DF-44E9-A3CA-8F3DD888AC9F}.Debug|Any CPU.Build.0 = Debug|Any CPU
		{7E8723CA-87DF-44E9-A3CA-8F3DD888AC9F}.Release|Any CPU.ActiveCfg = Release|Any CPU
		{7E8723CA-87DF-44E9-A3CA-8F3DD888AC9F}.Release|Any CPU.Build.0 = Release|Any CPU
	EndGlobalSection
	GlobalSection(SolutionProperties) = preSolution
		HideSolutionNode = FALSE
	EndGlobalSection
	GlobalSection(ExtensibilityGlobals) = postSolution
		SolutionGuid = {5EEEC80D-9CA0-4B7B-8652-51FC3A6250D5}
	EndGlobalSection
EndGlobal
