
Microsoft Visual Studio Solution File, Format Version 12.00
# Visual Studio Version 17
VisualStudioVersion = 17.3.32929.385
MinimumVisualStudioVersion = 10.0.40219.1
Project("{FAE04EC0-301F-11D3-BF4B-00C04F79EFBC}") = "Преливане на вода", "Преливане на вода.csproj", "{CD84BAC0-0CFC-43F7-8B0B-7D273283A2FA}"
EndProject
Global
	GlobalSection(SolutionConfigurationPlatforms) = preSolution
		Debug|Any CPU = Debug|Any CPU
		Release|Any CPU = Release|Any CPU
	EndGlobalSection
	GlobalSection(ProjectConfigurationPlatforms) = postSolution
		{CD84BAC0-0CFC-43F7-8B0B-7D273283A2FA}.Debug|Any CPU.ActiveCfg = Debug|Any CPU
		{CD84BAC0-0CFC-43F7-8B0B-7D273283A2FA}.Debug|Any CPU.Build.0 = Debug|Any CPU
		{CD84BAC0-0CFC-43F7-8B0B-7D273283A2FA}.Release|Any CPU.ActiveCfg = Release|Any CPU
		{CD84BAC0-0CFC-43F7-8B0B-7D273283A2FA}.Release|Any CPU.Build.0 = Release|Any CPU
	EndGlobalSection
	GlobalSection(SolutionProperties) = preSolution
		HideSolutionNode = FALSE
	EndGlobalSection
	GlobalSection(ExtensibilityGlobals) = postSolution
		SolutionGuid = {B93F6D71-0559-413F-B5AD-B545BEB78506}
	EndGlobalSection
EndGlobal
